// !$*UTF8*$!
{
	archiveVersion = 1;
	classes = {
	};
	objectVersion = 46;
	objects = {

/* Begin PBXBuildFile section */
		4FCF67FD1A50D722009B1FD4 /* main.m in Sources */ = {isa = PBXBuildFile; fileRef = 4FCF67FC1A50D722009B1FD4 /* main.m */; };
		4FCF68001A50D722009B1FD4 /* AppDelegate.m in Sources */ = {isa = PBXBuildFile; fileRef = 4FCF67FF1A50D722009B1FD4 /* AppDelegate.m */; };
		4FCF68081A50D722009B1FD4 /* Images.xcassets in Resources */ = {isa = PBXBuildFile; fileRef = 4FCF68071A50D722009B1FD4 /* Images.xcassets */; };
		4FCF680B1A50D722009B1FD4 /* LaunchScreen.xib in Resources */ = {isa = PBXBuildFile; fileRef = 4FCF68091A50D722009B1FD4 /* LaunchScreen.xib */; };
		4FCF68171A50D722009B1FD4 /* BlocstagramTests.m in Sources */ = {isa = PBXBuildFile; fileRef = 4FCF68161A50D722009B1FD4 /* BlocstagramTests.m */; };
		4FCF68221A50D791009B1FD4 /* BLCImagesTableViewController.m in Sources */ = {isa = PBXBuildFile; fileRef = 4FCF68211A50D791009B1FD4 /* BLCImagesTableViewController.m */; };
		4FCF68251A510083009B1FD4 /* BLCUser.m in Sources */ = {isa = PBXBuildFile; fileRef = 4FCF68241A510083009B1FD4 /* BLCUser.m */; };
		4FCF68281A510257009B1FD4 /* BLCMedia.m in Sources */ = {isa = PBXBuildFile; fileRef = 4FCF68271A510257009B1FD4 /* BLCMedia.m */; };
		4FCF682B1A510752009B1FD4 /* BLCComment.m in Sources */ = {isa = PBXBuildFile; fileRef = 4FCF682A1A510752009B1FD4 /* BLCComment.m */; };
		4FCF682E1A51A003009B1FD4 /* BLCDatasource.m in Sources */ = {isa = PBXBuildFile; fileRef = 4FCF682D1A51A003009B1FD4 /* BLCDatasource.m */; };
/* End PBXBuildFile section */

/* Begin PBXContainerItemProxy section */
		4FCF68111A50D722009B1FD4 /* PBXContainerItemProxy */ = {
			isa = PBXContainerItemProxy;
			containerPortal = 4FCF67EF1A50D722009B1FD4 /* Project object */;
			proxyType = 1;
			remoteGlobalIDString = 4FCF67F61A50D722009B1FD4;
			remoteInfo = Blocstagram;
		};
/* End PBXContainerItemProxy section */

/* Begin PBXFileReference section */
		4FCF67F71A50D722009B1FD4 /* Blocstagram.app */ = {isa = PBXFileReference; explicitFileType = wrapper.application; includeInIndex = 0; path = Blocstagram.app; sourceTree = BUILT_PRODUCTS_DIR; };
		4FCF67FB1A50D722009B1FD4 /* Info.plist */ = {isa = PBXFileReference; lastKnownFileType = text.plist.xml; path = Info.plist; sourceTree = "<group>"; };
		4FCF67FC1A50D722009B1FD4 /* main.m */ = {isa = PBXFileReference; lastKnownFileType = sourcecode.c.objc; path = main.m; sourceTree = "<group>"; };
		4FCF67FE1A50D722009B1FD4 /* AppDelegate.h */ = {isa = PBXFileReference; lastKnownFileType = sourcecode.c.h; path = AppDelegate.h; sourceTree = "<group>"; };
		4FCF67FF1A50D722009B1FD4 /* AppDelegate.m */ = {isa = PBXFileReference; lastKnownFileType = sourcecode.c.objc; path = AppDelegate.m; sourceTree = "<group>"; };
		4FCF68071A50D722009B1FD4 /* Images.xcassets */ = {isa = PBXFileReference; lastKnownFileType = folder.assetcatalog; path = Images.xcassets; sourceTree = "<group>"; };
		4FCF680A1A50D722009B1FD4 /* Base */ = {isa = PBXFileReference; lastKnownFileType = file.xib; name = Base; path = Base.lproj/LaunchScreen.xib; sourceTree = "<group>"; };
		4FCF68101A50D722009B1FD4 /* BlocstagramTests.xctest */ = {isa = PBXFileReference; explicitFileType = wrapper.cfbundle; includeInIndex = 0; path = BlocstagramTests.xctest; sourceTree = BUILT_PRODUCTS_DIR; };
		4FCF68151A50D722009B1FD4 /* Info.plist */ = {isa = PBXFileReference; lastKnownFileType = text.plist.xml; path = Info.plist; sourceTree = "<group>"; };
		4FCF68161A50D722009B1FD4 /* BlocstagramTests.m */ = {isa = PBXFileReference; lastKnownFileType = sourcecode.c.objc; path = BlocstagramTests.m; sourceTree = "<group>"; };
		4FCF68201A50D791009B1FD4 /* BLCImagesTableViewController.h */ = {isa = PBXFileReference; fileEncoding = 4; lastKnownFileType = sourcecode.c.h; path = BLCImagesTableViewController.h; sourceTree = "<group>"; };
		4FCF68211A50D791009B1FD4 /* BLCImagesTableViewController.m */ = {isa = PBXFileReference; fileEncoding = 4; lastKnownFileType = sourcecode.c.objc; path = BLCImagesTableViewController.m; sourceTree = "<group>"; };
		4FCF68231A510083009B1FD4 /* BLCUser.h */ = {isa = PBXFileReference; fileEncoding = 4; lastKnownFileType = sourcecode.c.h; path = BLCUser.h; sourceTree = "<group>"; };
		4FCF68241A510083009B1FD4 /* BLCUser.m */ = {isa = PBXFileReference; fileEncoding = 4; lastKnownFileType = sourcecode.c.objc; path = BLCUser.m; sourceTree = "<group>"; };
		4FCF68261A510257009B1FD4 /* BLCMedia.h */ = {isa = PBXFileReference; fileEncoding = 4; lastKnownFileType = sourcecode.c.h; path = BLCMedia.h; sourceTree = "<group>"; };
		4FCF68271A510257009B1FD4 /* BLCMedia.m */ = {isa = PBXFileReference; fileEncoding = 4; lastKnownFileType = sourcecode.c.objc; path = BLCMedia.m; sourceTree = "<group>"; };
		4FCF68291A510752009B1FD4 /* BLCComment.h */ = {isa = PBXFileReference; fileEncoding = 4; lastKnownFileType = sourcecode.c.h; path = BLCComment.h; sourceTree = "<group>"; };
		4FCF682A1A510752009B1FD4 /* BLCComment.m */ = {isa = PBXFileReference; fileEncoding = 4; lastKnownFileType = sourcecode.c.objc; path = BLCComment.m; sourceTree = "<group>"; };
		4FCF682C1A51A003009B1FD4 /* BLCDatasource.h */ = {isa = PBXFileReference; fileEncoding = 4; lastKnownFileType = sourcecode.c.h; path = BLCDatasource.h; sourceTree = "<group>"; };
		4FCF682D1A51A003009B1FD4 /* BLCDatasource.m */ = {isa = PBXFileReference; fileEncoding = 4; lastKnownFileType = sourcecode.c.objc; path = BLCDatasource.m; sourceTree = "<group>"; };
/* End PBXFileReference section */

/* Begin PBXFrameworksBuildPhase section */
		4FCF67F41A50D722009B1FD4 /* Frameworks */ = {
			isa = PBXFrameworksBuildPhase;
			buildActionMask = 2147483647;
			files = (
			);
			runOnlyForDeploymentPostprocessing = 0;
		};
		4FCF680D1A50D722009B1FD4 /* Frameworks */ = {
			isa = PBXFrameworksBuildPhase;
			buildActionMask = 2147483647;
			files = (
			);
			runOnlyForDeploymentPostprocessing = 0;
		};
/* End PBXFrameworksBuildPhase section */

/* Begin PBXGroup section */
		4FCF67EE1A50D722009B1FD4 = {
			isa = PBXGroup;
			children = (
				4FCF67F91A50D722009B1FD4 /* Blocstagram */,
				4FCF68131A50D722009B1FD4 /* BlocstagramTests */,
				4FCF67F81A50D722009B1FD4 /* Products */,
			);
			sourceTree = "<group>";
		};
		4FCF67F81A50D722009B1FD4 /* Products */ = {
			isa = PBXGroup;
			children = (
				4FCF67F71A50D722009B1FD4 /* Blocstagram.app */,
				4FCF68101A50D722009B1FD4 /* BlocstagramTests.xctest */,
			);
			name = Products;
			sourceTree = "<group>";
		};
		4FCF67F91A50D722009B1FD4 /* Blocstagram */ = {
			isa = PBXGroup;
			children = (
				4FCF67FE1A50D722009B1FD4 /* AppDelegate.h */,
				4FCF67FF1A50D722009B1FD4 /* AppDelegate.m */,
				4FCF68201A50D791009B1FD4 /* BLCImagesTableViewController.h */,
				4FCF68211A50D791009B1FD4 /* BLCImagesTableViewController.m */,
				4FCF68231A510083009B1FD4 /* BLCUser.h */,
				4FCF68241A510083009B1FD4 /* BLCUser.m */,
				4FCF68261A510257009B1FD4 /* BLCMedia.h */,
				4FCF68271A510257009B1FD4 /* BLCMedia.m */,
				4FCF682C1A51A003009B1FD4 /* BLCDatasource.h */,
				4FCF682D1A51A003009B1FD4 /* BLCDatasource.m */,
				4FCF68291A510752009B1FD4 /* BLCComment.h */,
				4FCF682A1A510752009B1FD4 /* BLCComment.m */,
				4FCF68071A50D722009B1FD4 /* Images.xcassets */,
				4FCF68091A50D722009B1FD4 /* LaunchScreen.xib */,
				4FCF67FA1A50D722009B1FD4 /* Supporting Files */,
			);
			path = Blocstagram;
			sourceTree = "<group>";
		};
		4FCF67FA1A50D722009B1FD4 /* Supporting Files */ = {
			isa = PBXGroup;
			children = (
				4FCF67FB1A50D722009B1FD4 /* Info.plist */,
				4FCF67FC1A50D722009B1FD4 /* main.m */,
			);
			name = "Supporting Files";
			sourceTree = "<group>";
		};
		4FCF68131A50D722009B1FD4 /* BlocstagramTests */ = {
			isa = PBXGroup;
			children = (
				4FCF68161A50D722009B1FD4 /* BlocstagramTests.m */,
				4FCF68141A50D722009B1FD4 /* Supporting Files */,
			);
			path = BlocstagramTests;
			sourceTree = "<group>";
		};
		4FCF68141A50D722009B1FD4 /* Supporting Files */ = {
			isa = PBXGroup;
			children = (
				4FCF68151A50D722009B1FD4 /* Info.plist */,
			);
			name = "Supporting Files";
			sourceTree = "<group>";
		};
/* End PBXGroup section */

/* Begin PBXNativeTarget section */
		4FCF67F61A50D722009B1FD4 /* Blocstagram */ = {
			isa = PBXNativeTarget;
			buildConfigurationList = 4FCF681A1A50D722009B1FD4 /* Build configuration list for PBXNativeTarget "Blocstagram" */;
			buildPhases = (
				4FCF67F31A50D722009B1FD4 /* Sources */,
				4FCF67F41A50D722009B1FD4 /* Frameworks */,
				4FCF67F51A50D722009B1FD4 /* Resources */,
			);
			buildRules = (
			);
			dependencies = (
			);
			name = Blocstagram;
			productName = Blocstagram;
			productReference = 4FCF67F71A50D722009B1FD4 /* Blocstagram.app */;
			productType = "com.apple.product-type.application";
		};
		4FCF680F1A50D722009B1FD4 /* BlocstagramTests */ = {
			isa = PBXNativeTarget;
			buildConfigurationList = 4FCF681D1A50D722009B1FD4 /* Build configuration list for PBXNativeTarget "BlocstagramTests" */;
			buildPhases = (
				4FCF680C1A50D722009B1FD4 /* Sources */,
				4FCF680D1A50D722009B1FD4 /* Frameworks */,
				4FCF680E1A50D722009B1FD4 /* Resources */,
			);
			buildRules = (
			);
			dependencies = (
				4FCF68121A50D722009B1FD4 /* PBXTargetDependency */,
			);
			name = BlocstagramTests;
			productName = BlocstagramTests;
			productReference = 4FCF68101A50D722009B1FD4 /* BlocstagramTests.xctest */;
			productType = "com.apple.product-type.bundle.unit-test";
		};
/* End PBXNativeTarget section */

/* Begin PBXProject section */
		4FCF67EF1A50D722009B1FD4 /* Project object */ = {
			isa = PBXProject;
			attributes = {
				LastUpgradeCheck = 0610;
				ORGANIZATIONNAME = egu;
				TargetAttributes = {
					4FCF67F61A50D722009B1FD4 = {
						CreatedOnToolsVersion = 6.1.1;
					};
					4FCF680F1A50D722009B1FD4 = {
						CreatedOnToolsVersion = 6.1.1;
						TestTargetID = 4FCF67F61A50D722009B1FD4;
					};
				};
			};
			buildConfigurationList = 4FCF67F21A50D722009B1FD4 /* Build configuration list for PBXProject "Blocstagram" */;
			compatibilityVersion = "Xcode 3.2";
			developmentRegion = English;
			hasScannedForEncodings = 0;
			knownRegions = (
				en,
				Base,
			);
			mainGroup = 4FCF67EE1A50D722009B1FD4;
			productRefGroup = 4FCF67F81A50D722009B1FD4 /* Products */;
			projectDirPath = "";
			projectRoot = "";
			targets = (
				4FCF67F61A50D722009B1FD4 /* Blocstagram */,
				4FCF680F1A50D722009B1FD4 /* BlocstagramTests */,
			);
		};
/* End PBXProject section */

/* Begin PBXResourcesBuildPhase section */
		4FCF67F51A50D722009B1FD4 /* Resources */ = {
			isa = PBXResourcesBuildPhase;
			buildActionMask = 2147483647;
			files = (
				4FCF680B1A50D722009B1FD4 /* LaunchScreen.xib in Resources */,
				4FCF68081A50D722009B1FD4 /* Images.xcassets in Resources */,
			);
			runOnlyForDeploymentPostprocessing = 0;
		};
		4FCF680E1A50D722009B1FD4 /* Resources */ = {
			isa = PBXResourcesBuildPhase;
			buildActionMask = 2147483647;
			files = (
			);
			runOnlyForDeploymentPostprocessing = 0;
		};
/* End PBXResourcesBuildPhase section */

/* Begin PBXSourcesBuildPhase section */
		4FCF67F31A50D722009B1FD4 /* Sources */ = {
			isa = PBXSourcesBuildPhase;
			buildActionMask = 2147483647;
			files = (
				4FCF68251A510083009B1FD4 /* BLCUser.m in Sources */,
				4FCF68001A50D722009B1FD4 /* AppDelegate.m in Sources */,
				4FCF67FD1A50D722009B1FD4 /* main.m in Sources */,
				4FCF68221A50D791009B1FD4 /* BLCImagesTableViewController.m in Sources */,
				4FCF682E1A51A003009B1FD4 /* BLCDatasource.m in Sources */,
				4FCF68281A510257009B1FD4 /* BLCMedia.m in Sources */,
				4FCF682B1A510752009B1FD4 /* BLCComment.m in Sources */,
			);
			runOnlyForDeploymentPostprocessing = 0;
		};
		4FCF680C1A50D722009B1FD4 /* Sources */ = {
			isa = PBXSourcesBuildPhase;
			buildActionMask = 2147483647;
			files = (
				4FCF68171A50D722009B1FD4 /* BlocstagramTests.m in Sources */,
			);
			runOnlyForDeploymentPostprocessing = 0;
		};
/* End PBXSourcesBuildPhase section */

/* Begin PBXTargetDependency section */
		4FCF68121A50D722009B1FD4 /* PBXTargetDependency */ = {
			isa = PBXTargetDependency;
			target = 4FCF67F61A50D722009B1FD4 /* Blocstagram */;
			targetProxy = 4FCF68111A50D722009B1FD4 /* PBXContainerItemProxy */;
		};
/* End PBXTargetDependency section */

/* Begin PBXVariantGroup section */
		4FCF68091A50D722009B1FD4 /* LaunchScreen.xib */ = {
			isa = PBXVariantGroup;
			children = (
				4FCF680A1A50D722009B1FD4 /* Base */,
			);
			name = LaunchScreen.xib;
			sourceTree = "<group>";
		};
/* End PBXVariantGroup section */

/* Begin XCBuildConfiguration section */
		4FCF68181A50D722009B1FD4 /* Debug */ = {
			isa = XCBuildConfiguration;
			buildSettings = {
				ALWAYS_SEARCH_USER_PATHS = NO;
				CLANG_CXX_LANGUAGE_STANDARD = "gnu++0x";
				CLANG_CXX_LIBRARY = "libc++";
				CLANG_ENABLE_MODULES = YES;
				CLANG_ENABLE_OBJC_ARC = YES;
				CLANG_WARN_BOOL_CONVERSION = YES;
				CLANG_WARN_CONSTANT_CONVERSION = YES;
				CLANG_WARN_DIRECT_OBJC_ISA_USAGE = YES_ERROR;
				CLANG_WARN_EMPTY_BODY = YES;
				CLANG_WARN_ENUM_CONVERSION = YES;
				CLANG_WARN_INT_CONVERSION = YES;
				CLANG_WARN_OBJC_ROOT_CLASS = YES_ERROR;
				CLANG_WARN_UNREACHABLE_CODE = YES;
				CLANG_WARN__DUPLICATE_METHOD_MATCH = YES;
				"CODE_SIGN_IDENTITY[sdk=iphoneos*]" = "iPhone Developer";
				COPY_PHASE_STRIP = NO;
				ENABLE_STRICT_OBJC_MSGSEND = YES;
				GCC_C_LANGUAGE_STANDARD = gnu99;
				GCC_DYNAMIC_NO_PIC = NO;
				GCC_OPTIMIZATION_LEVEL = 0;
				GCC_PREPROCESSOR_DEFINITIONS = (
					"DEBUG=1",
					"$(inherited)",
				);
				GCC_SYMBOLS_PRIVATE_EXTERN = NO;
				GCC_WARN_64_TO_32_BIT_CONVERSION = YES;
				GCC_WARN_ABOUT_RETURN_TYPE = YES_ERROR;
				GCC_WARN_UNDECLARED_SELECTOR = YES;
				GCC_WARN_UNINITIALIZED_AUTOS = YES_AGGRESSIVE;
				GCC_WARN_UNUSED_FUNCTION = YES;
				GCC_WARN_UNUSED_VARIABLE = YES;
				IPHONEOS_DEPLOYMENT_TARGET = 8.1;
				MTL_ENABLE_DEBUG_INFO = YES;
				ONLY_ACTIVE_ARCH = YES;
				SDKROOT = iphoneos;
				TARGETED_DEVICE_FAMILY = "1,2";
			};
			name = Debug;
		};
		4FCF68191A50D722009B1FD4 /* Release */ = {
			isa = XCBuildConfiguration;
			buildSettings = {
				ALWAYS_SEARCH_USER_PATHS = NO;
				CLANG_CXX_LANGUAGE_STANDARD = "gnu++0x";
				CLANG_CXX_LIBRARY = "libc++";
				CLANG_ENABLE_MODULES = YES;
				CLANG_ENABLE_OBJC_ARC = YES;
				CLANG_WARN_BOOL_CONVERSION = YES;
				CLANG_WARN_CONSTANT_CONVERSION = YES;
				CLANG_WARN_DIRECT_OBJC_ISA_USAGE = YES_ERROR;
				CLANG_WARN_EMPTY_BODY = YES;
				CLANG_WARN_ENUM_CONVERSION = YES;
				CLANG_WARN_INT_CONVERSION = YES;
				CLANG_WARN_OBJC_ROOT_CLASS = YES_ERROR;
				CLANG_WARN_UNREACHABLE_CODE = YES;
				CLANG_WARN__DUPLICATE_METHOD_MATCH = YES;
				"CODE_SIGN_IDENTITY[sdk=iphoneos*]" = "iPhone Developer";
				COPY_PHASE_STRIP = YES;
				ENABLE_NS_ASSERTIONS = NO;
				ENABLE_STRICT_OBJC_MSGSEND = YES;
				GCC_C_LANGUAGE_STANDARD = gnu99;
				GCC_WARN_64_TO_32_BIT_CONVERSION = YES;
				GCC_WARN_ABOUT_RETURN_TYPE = YES_ERROR;
				GCC_WARN_UNDECLARED_SELECTOR = YES;
				GCC_WARN_UNINITIALIZED_AUTOS = YES_AGGRESSIVE;
				GCC_WARN_UNUSED_FUNCTION = YES;
				GCC_WARN_UNUSED_VARIABLE = YES;
				IPHONEOS_DEPLOYMENT_TARGET = 8.1;
				MTL_ENABLE_DEBUG_INFO = NO;
				SDKROOT = iphoneos;
				TARGETED_DEVICE_FAMILY = "1,2";
				VALIDATE_PRODUCT = YES;
			};
			name = Release;
		};
		4FCF681B1A50D722009B1FD4 /* Debug */ = {
			isa = XCBuildConfiguration;
			buildSettings = {
				ASSETCATALOG_COMPILER_APPICON_NAME = AppIcon;
				INFOPLIST_FILE = Blocstagram/Info.plist;
				LD_RUNPATH_SEARCH_PATHS = "$(inherited) @executable_path/Frameworks";
				PRODUCT_NAME = "$(TARGET_NAME)";
			};
			name = Debug;
		};
		4FCF681C1A50D722009B1FD4 /* Release */ = {
			isa = XCBuildConfiguration;
			buildSettings = {
				ASSETCATALOG_COMPILER_APPICON_NAME = AppIcon;
				INFOPLIST_FILE = Blocstagram/Info.plist;
				LD_RUNPATH_SEARCH_PATHS = "$(inherited) @executable_path/Frameworks";
				PRODUCT_NAME = "$(TARGET_NAME)";
			};
			name = Release;
		};
		4FCF681E1A50D722009B1FD4 /* Debug */ = {
			isa = XCBuildConfiguration;
			buildSettings = {
				BUNDLE_LOADER = "$(TEST_HOST)";
				FRAMEWORK_SEARCH_PATHS = (
					"$(SDKROOT)/Developer/Library/Frameworks",
					"$(inherited)",
				);
				GCC_PREPROCESSOR_DEFINITIONS = (
					"DEBUG=1",
					"$(inherited)",
				);
				INFOPLIST_FILE = BlocstagramTests/Info.plist;
				LD_RUNPATH_SEARCH_PATHS = "$(inherited) @executable_path/Frameworks @loader_path/Frameworks";
				PRODUCT_NAME = "$(TARGET_NAME)";
				TEST_HOST = "$(BUILT_PRODUCTS_DIR)/Blocstagram.app/Blocstagram";
			};
			name = Debug;
		};
		4FCF681F1A50D722009B1FD4 /* Release */ = {
			isa = XCBuildConfiguration;
			buildSettings = {
				BUNDLE_LOADER = "$(TEST_HOST)";
				FRAMEWORK_SEARCH_PATHS = (
					"$(SDKROOT)/Developer/Library/Frameworks",
					"$(inherited)",
				);
				INFOPLIST_FILE = BlocstagramTests/Info.plist;
				LD_RUNPATH_SEARCH_PATHS = "$(inherited) @executable_path/Frameworks @loader_path/Frameworks";
				PRODUCT_NAME = "$(TARGET_NAME)";
				TEST_HOST = "$(BUILT_PRODUCTS_DIR)/Blocstagram.app/Blocstagram";
			};
			name = Release;
		};
/* End XCBuildConfiguration section */

/* Begin XCConfigurationList section */
		4FCF67F21A50D722009B1FD4 /* Build configuration list for PBXProject "Blocstagram" */ = {
			isa = XCConfigurationList;
			buildConfigurations = (
				4FCF68181A50D722009B1FD4 /* Debug */,
				4FCF68191A50D722009B1FD4 /* Release */,
			);
			defaultConfigurationIsVisible = 0;
			defaultConfigurationName = Release;
		};
		4FCF681A1A50D722009B1FD4 /* Build configuration list for PBXNativeTarget "Blocstagram" */ = {
			isa = XCConfigurationList;
			buildConfigurations = (
				4FCF681B1A50D722009B1FD4 /* Debug */,
				4FCF681C1A50D722009B1FD4 /* Release */,
			);
			defaultConfigurationIsVisible = 0;
		};
		4FCF681D1A50D722009B1FD4 /* Build configuration list for PBXNativeTarget "BlocstagramTests" */ = {
			isa = XCConfigurationList;
			buildConfigurations = (
				4FCF681E1A50D722009B1FD4 /* Debug */,
				4FCF681F1A50D722009B1FD4 /* Release */,
			);
			defaultConfigurationIsVisible = 0;
		};
/* End XCConfigurationList section */
	};
	rootObject = 4FCF67EF1A50D722009B1FD4 /* Project object */;
}
